# THIS IS AN AUTOGENERATED FILE. DO NOT EDIT THIS FILE DIRECTLY.
# yarn lockfile v1


"@types/fs-extra@^4.0.0":
  version "4.0.0"
  resolved "https://registry.yarnpkg.com/@types/fs-extra/-/fs-extra-4.0.0.tgz#1dd742ad5c9bce308f7a52d02ebc01421bc9102f"
  dependencies:
    "@types/node" "*"

"@types/node@*":
  version "8.0.20"
  resolved "https://registry.yarnpkg.com/@types/node/-/node-8.0.20.tgz#65c7375255c24b184c215a5d0b63247c32f01c91"

ansi-escape-sequences@^2.2.2:
  version "2.2.2"
  resolved "https://registry.yarnpkg.com/ansi-escape-sequences/-/ansi-escape-sequences-2.2.2.tgz#174c78d6f8b7de75f8957ae81c7f72210c701635"
  dependencies:
    array-back "^1.0.2"
    collect-all "~0.2.1"

array-back@^1.0.2, array-back@^1.0.3, array-back@^1.0.4:
  version "1.0.4"
  resolved "https://registry.yarnpkg.com/array-back/-/array-back-1.0.4.tgz#644ba7f095f7ffcf7c43b5f0dc39d3c1f03c063b"
  dependencies:
    typical "^2.6.0"

balanced-match@^1.0.0:
  version "1.0.0"
  resolved "https://registry.yarnpkg.com/balanced-match/-/balanced-match-1.0.0.tgz#89b4d199ab2bee49de164ea02b89ce462d71b767"

brace-expansion@^1.1.7:
  version "1.1.8"
  resolved "https://registry.yarnpkg.com/brace-expansion/-/brace-expansion-1.1.8.tgz#c07b211c7c952ec1f8efd51a77ef0d1d3990a292"
  dependencies:
    balanced-match "^1.0.0"
    concat-map "0.0.1"

collect-all@^1.0.2:
  version "1.0.3"
  resolved "https://registry.yarnpkg.com/collect-all/-/collect-all-1.0.3.tgz#1abcc20448b58a1447487fcf34130e9512b0acf8"
  dependencies:
    stream-connect "^1.0.2"
    stream-via "^1.0.4"

collect-all@~0.2.1:
  version "0.2.1"
  resolved "https://registry.yarnpkg.com/collect-all/-/collect-all-0.2.1.tgz#7225fb4585c22d4ffac886f0abaf5abc563a1a6a"
  dependencies:
    stream-connect "^1.0.1"
    stream-via "~0.1.0"
    typical "^2.3.0"

collect-json@^1.0.7, collect-json@^1.0.8:
  version "1.0.8"
  resolved "https://registry.yarnpkg.com/collect-json/-/collect-json-1.0.8.tgz#aa2fa52b4d1d9444ce690f07a1e3617ab74bb827"
  dependencies:
    collect-all "^1.0.2"
    stream-connect "^1.0.2"
    stream-via "^1.0.3"

column-layout@^2.1.1:
  version "2.1.4"
  resolved "https://registry.yarnpkg.com/column-layout/-/column-layout-2.1.4.tgz#ed2857092ccf8338026fe538379d9672d70b3641"
  dependencies:
    ansi-escape-sequences "^2.2.2"
    array-back "^1.0.3"
    collect-json "^1.0.8"
    command-line-args "^2.1.6"
    core-js "^2.4.0"
    deep-extend "~0.4.1"
    feature-detect-es6 "^1.2.0"
    object-tools "^2.0.6"
    typical "^2.4.2"
    wordwrapjs "^1.2.0"

command-line-args@^2.1.6:
  version "2.1.6"
  resolved "https://registry.yarnpkg.com/command-line-args/-/command-line-args-2.1.6.tgz#f197d6eaff34c9085577484b2864375b294f5697"
  dependencies:
    array-back "^1.0.2"
    command-line-usage "^2"
    core-js "^2.0.1"
    feature-detect-es6 "^1.2.0"
    find-replace "^1"
    typical "^2.3.0"

command-line-usage@^2:
  version "2.0.5"
  resolved "https://registry.yarnpkg.com/command-line-usage/-/command-line-usage-2.0.5.tgz#f80c35ca5e8624841923ea3be3b9bfbf4f7be27b"
  dependencies:
    ansi-escape-sequences "^2.2.2"
    array-back "^1.0.3"
    column-layout "^2.1.1"
    feature-detect-es6 "^1.2.0"
    typical "^2.4.2"
    wordwrapjs "^1.2.0"

concat-map@0.0.1:
  version "0.0.1"
  resolved "https://registry.yarnpkg.com/concat-map/-/concat-map-0.0.1.tgz#d8a96bd77fd68df7793a73036a3ba0d5405d477b"

core-js@^2.0.1, core-js@^2.4.0:
  version "2.5.0"
  resolved "https://registry.yarnpkg.com/core-js/-/core-js-2.5.0.tgz#569c050918be6486b3837552028ae0466b717086"

deep-extend@~0.4.1:
  version "0.4.2"
  resolved "https://registry.yarnpkg.com/deep-extend/-/deep-extend-0.4.2.tgz#48b699c27e334bf89f10892be432f6e4c7d34a7f"

feature-detect-es6@^1.2.0:
  version "1.3.1"
  resolved "https://registry.yarnpkg.com/feature-detect-es6/-/feature-detect-es6-1.3.1.tgz#f888736af9cb0c91f55663bfa4762eb96ee7047f"
  dependencies:
    array-back "^1.0.3"

find-replace@^1:
  version "1.0.3"
  resolved "https://registry.yarnpkg.com/find-replace/-/find-replace-1.0.3.tgz#b88e7364d2d9c959559f388c66670d6130441fa0"
  dependencies:
    array-back "^1.0.4"
    test-value "^2.1.0"

fs-extra@^0.30.0:
  version "0.30.0"
  resolved "https://registry.yarnpkg.com/fs-extra/-/fs-extra-0.30.0.tgz#f233ffcc08d4da7d432daa449776989db1df93f0"
  dependencies:
    graceful-fs "^4.1.2"
    jsonfile "^2.1.0"
    klaw "^1.0.0"
    path-is-absolute "^1.0.0"
    rimraf "^2.2.8"

fs.realpath@^1.0.0:
  version "1.0.0"
  resolved "https://registry.yarnpkg.com/fs.realpath/-/fs.realpath-1.0.0.tgz#1504ad2523158caa40db4a2787cb01411994ea4f"

glob@^7.0.5:
  version "7.1.2"
  resolved "https://registry.yarnpkg.com/glob/-/glob-7.1.2.tgz#c19c9df9a028702d678612384a6552404c636d15"
  dependencies:
    fs.realpath "^1.0.0"
    inflight "^1.0.4"
    inherits "2"
    minimatch "^3.0.4"
    once "^1.3.0"
    path-is-absolute "^1.0.0"

graceful-fs@^4.1.2, graceful-fs@^4.1.6, graceful-fs@^4.1.9:
  version "4.1.11"
  resolved "https://registry.yarnpkg.com/graceful-fs/-/graceful-fs-4.1.11.tgz#0e8bdfe4d1ddb8854d64e04ea7c00e2a026e5658"

hashmap@^2.0.6:
  version "2.1.0"
  resolved "https://registry.yarnpkg.com/hashmap/-/hashmap-2.1.0.tgz#fe163aa781db4665bbd76f554e390c8c55ce920a"

inflight@^1.0.4:
  version "1.0.6"
  resolved "https://registry.yarnpkg.com/inflight/-/inflight-1.0.6.tgz#49bd6331d7d02d0c09bc910a1075ba8165b56df9"
  dependencies:
    once "^1.3.0"
    wrappy "1"

inherits@2:
  version "2.0.3"
  resolved "https://registry.yarnpkg.com/inherits/-/inherits-2.0.3.tgz#633c2c83e3da42a502f52466022480f4208261de"

jsonfile@^2.1.0:
  version "2.4.0"
  resolved "https://registry.yarnpkg.com/jsonfile/-/jsonfile-2.4.0.tgz#3736a2b428b87bbda0cc83b53fa3d633a35c2ae8"
  optionalDependencies:
    graceful-fs "^4.1.6"

klaw@^1.0.0:
  version "1.3.1"
  resolved "https://registry.yarnpkg.com/klaw/-/klaw-1.3.1.tgz#4088433b46b3b1ba259d78785d8e96f73ba02439"
  optionalDependencies:
    graceful-fs "^4.1.9"

minimatch@^3.0.4:
  version "3.0.4"
  resolved "https://registry.yarnpkg.com/minimatch/-/minimatch-3.0.4.tgz#5166e286457f03306064be5497e8dbb0c3d32083"
  dependencies:
    brace-expansion "^1.1.7"

object-get@^2.0.2:
  version "2.1.0"
  resolved "https://registry.yarnpkg.com/object-get/-/object-get-2.1.0.tgz#722bbdb60039efa47cad3c6dc2ce51a85c02c5ae"

object-tools@^2.0.6:
  version "2.0.6"
  resolved "https://registry.yarnpkg.com/object-tools/-/object-tools-2.0.6.tgz#f3fe1c350cda4a6f5d99d9646dc4892a02476ddd"
  dependencies:
    array-back "^1.0.2"
    collect-json "^1.0.7"
    object-get "^2.0.2"
    test-value "^1.1.0"
    typical "^2.4.2"

once@^1.3.0:
  version "1.4.0"
  resolved "https://registry.yarnpkg.com/once/-/once-1.4.0.tgz#583b1aa775961d4b113ac17d9c50baef9dd76bd1"
  dependencies:
    wrappy "1"

path-is-absolute@^1.0.0:
  version "1.0.1"
  resolved "https://registry.yarnpkg.com/path-is-absolute/-/path-is-absolute-1.0.1.tgz#174b9268735534ffbc7ace6bf53a5a9e1b5c5f5f"

reflect-metadata@^0.1.3:
  version "0.1.10"
  resolved "https://registry.yarnpkg.com/reflect-metadata/-/reflect-metadata-0.1.10.tgz#b4f83704416acad89988c9b15635d47e03b9344a"

rimraf@^2.2.8:
  version "2.6.1"
  resolved "https://registry.yarnpkg.com/rimraf/-/rimraf-2.6.1.tgz#c2338ec643df7a1b7fe5c54fa86f57428a55f33d"
  dependencies:
    glob "^7.0.5"

stream-connect@^1.0.1, stream-connect@^1.0.2:
  version "1.0.2"
  resolved "https://registry.yarnpkg.com/stream-connect/-/stream-connect-1.0.2.tgz#18bc81f2edb35b8b5d9a8009200a985314428a97"
  dependencies:
    array-back "^1.0.2"

stream-via@^1.0.3, stream-via@^1.0.4:
  version "1.0.4"
  resolved "https://registry.yarnpkg.com/stream-via/-/stream-via-1.0.4.tgz#8dccbb0ac909328eb8bc8e2a4bd3934afdaf606c"

stream-via@~0.1.0:
  version "0.1.1"
  resolved "https://registry.yarnpkg.com/stream-via/-/stream-via-0.1.1.tgz#0cee5df9c959fb1d3f4eda4819f289d5f9205afc"

test-value@^1.1.0:
  version "1.1.0"
  resolved "https://registry.yarnpkg.com/test-value/-/test-value-1.1.0.tgz#a09136f72ec043d27c893707c2b159bfad7de93f"
  dependencies:
    array-back "^1.0.2"
    typical "^2.4.2"

test-value@^2.1.0:
  version "2.1.0"
  resolved "https://registry.yarnpkg.com/test-value/-/test-value-2.1.0.tgz#11da6ff670f3471a73b625ca4f3fdcf7bb748291"
  dependencies:
    array-back "^1.0.3"
    typical "^2.6.0"

typical@^2.3.0, typical@^2.4.2, typical@^2.5.0, typical@^2.6.0:
  version "2.6.1"
  resolved "https://registry.yarnpkg.com/typical/-/typical-2.6.1.tgz#5c080e5d661cbbe38259d2e70a3c7253e873881d"

wordwrapjs@^1.2.0:
  version "1.2.1"
  resolved "https://registry.yarnpkg.com/wordwrapjs/-/wordwrapjs-1.2.1.tgz#754a5ea0664cfbff50540dc32d67bda3289fc34b"
  dependencies:
    array-back "^1.0.3"
    typical "^2.5.0"

wrappy@1:
  version "1.0.2"
  resolved "https://registry.yarnpkg.com/wrappy/-/wrappy-1.0.2.tgz#b5243d8f3ec1aa35f1364605bc0d1036e30ab69f"
