# THIS IS AN AUTOGENERATED FILE. DO NOT EDIT THIS FILE DIRECTLY.
# yarn lockfile v1


"@types/moo@^0.3.0":
  version "0.3.0"
  resolved "https://registry.yarnpkg.com/@types/moo/-/moo-0.3.0.tgz#1bebe1935e5f6f39a9776e349dc80c7b3f109c12"

moo@^0.4.1:
  version "0.4.1"
  resolved "https://registry.yarnpkg.com/moo/-/moo-0.4.1.tgz#b73f5dcb79ad4a197b16c5e6a913a73a2ca8fe9e"

typed-lexer@^1.0.2:
  version "1.0.2"
  resolved "https://registry.yarnpkg.com/typed-lexer/-/typed-lexer-1.0.2.tgz#64a8d783d9cd060785956e25227336c556cc3bb0"
